PODS:
  - Pageboy (3.5.0)
  - Tabman (2.8.0):
    - Pageboy (~> 3.5.0)

DEPENDENCIES:
  - Tabman (~> 2.6)

SPEC REPOS:
  trunk:
    - Pageboy
    - Tabman

SPEC CHECKSUMS:
  Pageboy: 3794c578aae5fcce06e90b3ed4a0ad6b807d75bb
  Tabman: f62ad94ee54a7d96e3fbab34f677d9ea4d38ece6

PODFILE CHECKSUM: 59871f373aa0dd36d509225315930c1330bfd688

COCOAPODS: 1.8.4
