// !$*UTF8*$!
{
	archiveVersion = 1;
	classes = {
	};
	objectVersion = 51;
	objects = {

/* Begin PBXBuildFile section */
		2FE78E2EABF9D997FEBF2F00 /* Pods_2come1.framework in Frameworks */ = {isa = PBXBuildFile; fileRef = 95F50F644004A66FEE2449D9 /* Pods_2come1.framework */; };
		42470BBA240EFA090083840B /* LoginVC.swift in Sources */ = {isa = PBXBuildFile; fileRef = 42470BB9240EFA090083840B /* LoginVC.swift */; };
		42470BBC240EFA440083840B /* RegisterVC.swift in Sources */ = {isa = PBXBuildFile; fileRef = 42470BBB240EFA440083840B /* RegisterVC.swift */; };
		42470BBE240F29380083840B /* SwipeNavigationController.swift in Sources */ = {isa = PBXBuildFile; fileRef = 42470BBD240F29380083840B /* SwipeNavigationController.swift */; };
		D0029FCD240D332900D62A23 /* AppDelegate.swift in Sources */ = {isa = PBXBuildFile; fileRef = D0029FCC240D332900D62A23 /* AppDelegate.swift */; };
		D0029FCF240D332900D62A23 /* SceneDelegate.swift in Sources */ = {isa = PBXBuildFile; fileRef = D0029FCE240D332900D62A23 /* SceneDelegate.swift */; };
		D0029FD4240D332900D62A23 /* Main.storyboard in Resources */ = {isa = PBXBuildFile; fileRef = D0029FD2240D332900D62A23 /* Main.storyboard */; };
		D0029FD6240D332B00D62A23 /* Assets.xcassets in Resources */ = {isa = PBXBuildFile; fileRef = D0029FD5240D332B00D62A23 /* Assets.xcassets */; };
		D0029FD9240D332B00D62A23 /* LaunchScreen.storyboard in Resources */ = {isa = PBXBuildFile; fileRef = D0029FD7240D332B00D62A23 /* LaunchScreen.storyboard */; };
		D0029FE8240D4A4F00D62A23 /* ConstantsForApp.swift in Sources */ = {isa = PBXBuildFile; fileRef = D0029FE7240D4A4F00D62A23 /* ConstantsForApp.swift */; };
		D0029FEA240D4A6D00D62A23 /* ConstantsRestAPI.swift in Sources */ = {isa = PBXBuildFile; fileRef = D0029FE9240D4A6D00D62A23 /* ConstantsRestAPI.swift */; };
		D0348CCA241EA7DC004CC9B3 /* UnmatchedUserVC.swift in Sources */ = {isa = PBXBuildFile; fileRef = D0348CC9241EA7DC004CC9B3 /* UnmatchedUserVC.swift */; };
		D0348CD1241ECC97004CC9B3 /* RequestedMatchUserVC.swift in Sources */ = {isa = PBXBuildFile; fileRef = D0348CD0241ECC97004CC9B3 /* RequestedMatchUserVC.swift */; };
		D0348CD624201509004CC9B3 /* InboxVC.swift in Sources */ = {isa = PBXBuildFile; fileRef = D0348CD524201509004CC9B3 /* InboxVC.swift */; };
		D0348CD924201938004CC9B3 /* TVCInboxUser.swift in Sources */ = {isa = PBXBuildFile; fileRef = D0348CD724201938004CC9B3 /* TVCInboxUser.swift */; };
		D0348CDA24201938004CC9B3 /* TVCInboxUser.xib in Resources */ = {isa = PBXBuildFile; fileRef = D0348CD824201938004CC9B3 /* TVCInboxUser.xib */; };
		D045A49E242159B200250B34 /* MessagesVC.swift in Sources */ = {isa = PBXBuildFile; fileRef = D045A49D242159B200250B34 /* MessagesVC.swift */; };
		D045A4A2242172C000250B34 /* TVCMessage.swift in Sources */ = {isa = PBXBuildFile; fileRef = D045A4A0242172C000250B34 /* TVCMessage.swift */; };
		D045A4A3242172C000250B34 /* TVCMessage.xib in Resources */ = {isa = PBXBuildFile; fileRef = D045A4A1242172C000250B34 /* TVCMessage.xib */; };
		D045A4A52421778400250B34 /* Helper+UIView.swift in Sources */ = {isa = PBXBuildFile; fileRef = D045A4A42421778400250B34 /* Helper+UIView.swift */; };
		D04838FC2411480400CA5ED9 /* Helper+UIViewController.swift in Sources */ = {isa = PBXBuildFile; fileRef = D04838FB2411480400CA5ED9 /* Helper+UIViewController.swift */; };
		D05AF64F2411B9B600F96D2E /* MatchVC.swift in Sources */ = {isa = PBXBuildFile; fileRef = D05AF64E2411B9B600F96D2E /* MatchVC.swift */; };
		D05AF6532411C4E700F96D2E /* TVCMatchUser.swift in Sources */ = {isa = PBXBuildFile; fileRef = D05AF6512411C4E700F96D2E /* TVCMatchUser.swift */; };
		D05AF6542411C4E700F96D2E /* TVCMatchUser.xib in Resources */ = {isa = PBXBuildFile; fileRef = D05AF6522411C4E700F96D2E /* TVCMatchUser.xib */; };
		D073DD53240E7CFF005D85B8 /* Helper+UIColor.swift in Sources */ = {isa = PBXBuildFile; fileRef = D073DD52240E7CFF005D85B8 /* Helper+UIColor.swift */; };
		D073DD55240E8054005D85B8 /* TabmanBottomVC.swift in Sources */ = {isa = PBXBuildFile; fileRef = D073DD54240E8054005D85B8 /* TabmanBottomVC.swift */; };
		D073DD57240E8078005D85B8 /* BaseVC.swift in Sources */ = {isa = PBXBuildFile; fileRef = D073DD56240E8078005D85B8 /* BaseVC.swift */; };
		D073DD5D240E80A3005D85B8 /* VC4.swift in Sources */ = {isa = PBXBuildFile; fileRef = D073DD59240E80A2005D85B8 /* VC4.swift */; };
		D073DD5E240E80A3005D85B8 /* VC3.swift in Sources */ = {isa = PBXBuildFile; fileRef = D073DD5A240E80A3005D85B8 /* VC3.swift */; };
		D073DD5F240E80A3005D85B8 /* VC2.swift in Sources */ = {isa = PBXBuildFile; fileRef = D073DD5B240E80A3005D85B8 /* VC2.swift */; };
		D073DD61240E80E5005D85B8 /* Helper+UIImage.swift in Sources */ = {isa = PBXBuildFile; fileRef = D073DD60240E80E5005D85B8 /* Helper+UIImage.swift */; };
		D0DCBFC8240E9A5100D6E201 /* Localizable.strings in Resources */ = {isa = PBXBuildFile; fileRef = D0DCBFCA240E9A5100D6E201 /* Localizable.strings */; };
		D0DCBFCD240EA1AC00D6E201 /* NearbyVC.swift in Sources */ = {isa = PBXBuildFile; fileRef = D0DCBFCC240EA1AC00D6E201 /* NearbyVC.swift */; };
		D0DCBFD0240EA2C200D6E201 /* NavigationVC.swift in Sources */ = {isa = PBXBuildFile; fileRef = D0DCBFCF240EA2C200D6E201 /* NavigationVC.swift */; };
		D0DCBFD4240EA7AA00D6E201 /* BaseHeader.swift in Sources */ = {isa = PBXBuildFile; fileRef = D0DCBFD3240EA7AA00D6E201 /* BaseHeader.swift */; };
		D0F974B724185BE800CEFF2F /* MatchUserVC.swift in Sources */ = {isa = PBXBuildFile; fileRef = D0F974B624185BE800CEFF2F /* MatchUserVC.swift */; };
		D0F974BD2418E4FB00CEFF2F /* CCZoomAnimatedTransitioning.swift in Sources */ = {isa = PBXBuildFile; fileRef = D0F974B92418E4FB00CEFF2F /* CCZoomAnimatedTransitioning.swift */; };
		D0F974BE2418E4FB00CEFF2F /* CCZoomTransitioner.swift in Sources */ = {isa = PBXBuildFile; fileRef = D0F974BA2418E4FB00CEFF2F /* CCZoomTransitioner.swift */; };
		D0F974BF2418E4FB00CEFF2F /* CCSwipBackPresentationController.swift in Sources */ = {isa = PBXBuildFile; fileRef = D0F974BB2418E4FB00CEFF2F /* CCSwipBackPresentationController.swift */; };
		D0F974C02418E4FB00CEFF2F /* CCZoomTransitionVCExtension.swift in Sources */ = {isa = PBXBuildFile; fileRef = D0F974BC2418E4FB00CEFF2F /* CCZoomTransitionVCExtension.swift */; };
		D0F974C22418F03D00CEFF2F /* CCDetailViewController.swift in Sources */ = {isa = PBXBuildFile; fileRef = D0F974C12418F03D00CEFF2F /* CCDetailViewController.swift */; };
		D0FF5663240EEAA200039DB5 /* TVCNearbyUsers.swift in Sources */ = {isa = PBXBuildFile; fileRef = D0FF5661240EEAA200039DB5 /* TVCNearbyUsers.swift */; };
		D0FF5664240EEAA200039DB5 /* TVCNearbyUsers.xib in Resources */ = {isa = PBXBuildFile; fileRef = D0FF5662240EEAA200039DB5 /* TVCNearbyUsers.xib */; };
		D0FF5666240F083200039DB5 /* NearbyUser.swift in Sources */ = {isa = PBXBuildFile; fileRef = D0FF5665240F083200039DB5 /* NearbyUser.swift */; };
/* End PBXBuildFile section */

/* Begin PBXFileReference section */
		42470BB9240EFA090083840B /* LoginVC.swift */ = {isa = PBXFileReference; lastKnownFileType = sourcecode.swift; path = LoginVC.swift; sourceTree = "<group>"; };
		42470BBB240EFA440083840B /* RegisterVC.swift */ = {isa = PBXFileReference; lastKnownFileType = sourcecode.swift; path = RegisterVC.swift; sourceTree = "<group>"; };
		42470BBD240F29380083840B /* SwipeNavigationController.swift */ = {isa = PBXFileReference; fileEncoding = 4; lastKnownFileType = sourcecode.swift; path = SwipeNavigationController.swift; sourceTree = "<group>"; };
		5DE0FBCB99A68D3B30CB3012 /* Pods-2come1.release.xcconfig */ = {isa = PBXFileReference; includeInIndex = 1; lastKnownFileType = text.xcconfig; name = "Pods-2come1.release.xcconfig"; path = "Target Support Files/Pods-2come1/Pods-2come1.release.xcconfig"; sourceTree = "<group>"; };
		81B11AA5A08B637913E0ED1A /* Pods-2come1.debug.xcconfig */ = {isa = PBXFileReference; includeInIndex = 1; lastKnownFileType = text.xcconfig; name = "Pods-2come1.debug.xcconfig"; path = "Target Support Files/Pods-2come1/Pods-2come1.debug.xcconfig"; sourceTree = "<group>"; };
		95F50F644004A66FEE2449D9 /* Pods_2come1.framework */ = {isa = PBXFileReference; explicitFileType = wrapper.framework; includeInIndex = 0; path = Pods_2come1.framework; sourceTree = BUILT_PRODUCTS_DIR; };
		D0029FC9240D332900D62A23 /* 2come1.app */ = {isa = PBXFileReference; explicitFileType = wrapper.application; includeInIndex = 0; path = 2come1.app; sourceTree = BUILT_PRODUCTS_DIR; };
		D0029FCC240D332900D62A23 /* AppDelegate.swift */ = {isa = PBXFileReference; lastKnownFileType = sourcecode.swift; path = AppDelegate.swift; sourceTree = "<group>"; };
		D0029FCE240D332900D62A23 /* SceneDelegate.swift */ = {isa = PBXFileReference; lastKnownFileType = sourcecode.swift; path = SceneDelegate.swift; sourceTree = "<group>"; };
		D0029FD3240D332900D62A23 /* Base */ = {isa = PBXFileReference; lastKnownFileType = file.storyboard; name = Base; path = Base.lproj/Main.storyboard; sourceTree = "<group>"; };
		D0029FD5240D332B00D62A23 /* Assets.xcassets */ = {isa = PBXFileReference; lastKnownFileType = folder.assetcatalog; path = Assets.xcassets; sourceTree = "<group>"; };
		D0029FD8240D332B00D62A23 /* Base */ = {isa = PBXFileReference; lastKnownFileType = file.storyboard; name = Base; path = Base.lproj/LaunchScreen.storyboard; sourceTree = "<group>"; };
		D0029FDA240D332B00D62A23 /* Info.plist */ = {isa = PBXFileReference; lastKnownFileType = text.plist.xml; path = Info.plist; sourceTree = "<group>"; };
		D0029FE7240D4A4F00D62A23 /* ConstantsForApp.swift */ = {isa = PBXFileReference; lastKnownFileType = sourcecode.swift; path = ConstantsForApp.swift; sourceTree = "<group>"; };
		D0029FE9240D4A6D00D62A23 /* ConstantsRestAPI.swift */ = {isa = PBXFileReference; lastKnownFileType = sourcecode.swift; path = ConstantsRestAPI.swift; sourceTree = "<group>"; };
		D0348CC9241EA7DC004CC9B3 /* UnmatchedUserVC.swift */ = {isa = PBXFileReference; lastKnownFileType = sourcecode.swift; path = UnmatchedUserVC.swift; sourceTree = "<group>"; };
		D0348CD0241ECC97004CC9B3 /* RequestedMatchUserVC.swift */ = {isa = PBXFileReference; lastKnownFileType = sourcecode.swift; path = RequestedMatchUserVC.swift; sourceTree = "<group>"; };
		D0348CD524201509004CC9B3 /* InboxVC.swift */ = {isa = PBXFileReference; lastKnownFileType = sourcecode.swift; path = InboxVC.swift; sourceTree = "<group>"; };
		D0348CD724201938004CC9B3 /* TVCInboxUser.swift */ = {isa = PBXFileReference; lastKnownFileType = sourcecode.swift; path = TVCInboxUser.swift; sourceTree = "<group>"; };
		D0348CD824201938004CC9B3 /* TVCInboxUser.xib */ = {isa = PBXFileReference; lastKnownFileType = file.xib; path = TVCInboxUser.xib; sourceTree = "<group>"; };
		D045A49D242159B200250B34 /* MessagesVC.swift */ = {isa = PBXFileReference; lastKnownFileType = sourcecode.swift; path = MessagesVC.swift; sourceTree = "<group>"; };
		D045A4A0242172C000250B34 /* TVCMessage.swift */ = {isa = PBXFileReference; lastKnownFileType = sourcecode.swift; path = TVCMessage.swift; sourceTree = "<group>"; };
		D045A4A1242172C000250B34 /* TVCMessage.xib */ = {isa = PBXFileReference; lastKnownFileType = file.xib; path = TVCMessage.xib; sourceTree = "<group>"; };
		D045A4A42421778400250B34 /* Helper+UIView.swift */ = {isa = PBXFileReference; lastKnownFileType = sourcecode.swift; path = "Helper+UIView.swift"; sourceTree = "<group>"; };
		D04838FB2411480400CA5ED9 /* Helper+UIViewController.swift */ = {isa = PBXFileReference; lastKnownFileType = sourcecode.swift; path = "Helper+UIViewController.swift"; sourceTree = "<group>"; };
		D05AF64E2411B9B600F96D2E /* MatchVC.swift */ = {isa = PBXFileReference; lastKnownFileType = sourcecode.swift; path = MatchVC.swift; sourceTree = "<group>"; };
		D05AF6512411C4E700F96D2E /* TVCMatchUser.swift */ = {isa = PBXFileReference; lastKnownFileType = sourcecode.swift; path = TVCMatchUser.swift; sourceTree = "<group>"; };
		D05AF6522411C4E700F96D2E /* TVCMatchUser.xib */ = {isa = PBXFileReference; lastKnownFileType = file.xib; path = TVCMatchUser.xib; sourceTree = "<group>"; };
		D073DD52240E7CFF005D85B8 /* Helper+UIColor.swift */ = {isa = PBXFileReference; lastKnownFileType = sourcecode.swift; path = "Helper+UIColor.swift"; sourceTree = "<group>"; };
		D073DD54240E8054005D85B8 /* TabmanBottomVC.swift */ = {isa = PBXFileReference; lastKnownFileType = sourcecode.swift; path = TabmanBottomVC.swift; sourceTree = "<group>"; };
		D073DD56240E8078005D85B8 /* BaseVC.swift */ = {isa = PBXFileReference; lastKnownFileType = sourcecode.swift; path = BaseVC.swift; sourceTree = "<group>"; };
		D073DD59240E80A2005D85B8 /* VC4.swift */ = {isa = PBXFileReference; fileEncoding = 4; lastKnownFileType = sourcecode.swift; path = VC4.swift; sourceTree = "<group>"; };
		D073DD5A240E80A3005D85B8 /* VC3.swift */ = {isa = PBXFileReference; fileEncoding = 4; lastKnownFileType = sourcecode.swift; path = VC3.swift; sourceTree = "<group>"; };
		D073DD5B240E80A3005D85B8 /* VC2.swift */ = {isa = PBXFileReference; fileEncoding = 4; lastKnownFileType = sourcecode.swift; path = VC2.swift; sourceTree = "<group>"; };
		D073DD60240E80E5005D85B8 /* Helper+UIImage.swift */ = {isa = PBXFileReference; lastKnownFileType = sourcecode.swift; path = "Helper+UIImage.swift"; sourceTree = "<group>"; };
		D0DCBFC6240E9A3500D6E201 /* de */ = {isa = PBXFileReference; lastKnownFileType = text.plist.strings; name = de; path = de.lproj/Main.strings; sourceTree = "<group>"; };
		D0DCBFC7240E9A3500D6E201 /* de */ = {isa = PBXFileReference; lastKnownFileType = text.plist.strings; name = de; path = de.lproj/LaunchScreen.strings; sourceTree = "<group>"; };
		D0DCBFC9240E9A5100D6E201 /* en */ = {isa = PBXFileReference; lastKnownFileType = text.plist.strings; name = en; path = en.lproj/Localizable.strings; sourceTree = "<group>"; };
		D0DCBFCB240E9A5E00D6E201 /* de */ = {isa = PBXFileReference; lastKnownFileType = text.plist.strings; name = de; path = de.lproj/Localizable.strings; sourceTree = "<group>"; };
		D0DCBFCC240EA1AC00D6E201 /* NearbyVC.swift */ = {isa = PBXFileReference; lastKnownFileType = sourcecode.swift; path = NearbyVC.swift; sourceTree = "<group>"; };
		D0DCBFCF240EA2C200D6E201 /* NavigationVC.swift */ = {isa = PBXFileReference; fileEncoding = 4; lastKnownFileType = sourcecode.swift; path = NavigationVC.swift; sourceTree = "<group>"; };
		D0DCBFD3240EA7AA00D6E201 /* BaseHeader.swift */ = {isa = PBXFileReference; lastKnownFileType = sourcecode.swift; path = BaseHeader.swift; sourceTree = "<group>"; };
		D0F974B624185BE800CEFF2F /* MatchUserVC.swift */ = {isa = PBXFileReference; lastKnownFileType = sourcecode.swift; path = MatchUserVC.swift; sourceTree = "<group>"; };
		D0F974B92418E4FB00CEFF2F /* CCZoomAnimatedTransitioning.swift */ = {isa = PBXFileReference; fileEncoding = 4; lastKnownFileType = sourcecode.swift; path = CCZoomAnimatedTransitioning.swift; sourceTree = "<group>"; };
		D0F974BA2418E4FB00CEFF2F /* CCZoomTransitioner.swift */ = {isa = PBXFileReference; fileEncoding = 4; lastKnownFileType = sourcecode.swift; path = CCZoomTransitioner.swift; sourceTree = "<group>"; };
		D0F974BB2418E4FB00CEFF2F /* CCSwipBackPresentationController.swift */ = {isa = PBXFileReference; fileEncoding = 4; lastKnownFileType = sourcecode.swift; path = CCSwipBackPresentationController.swift; sourceTree = "<group>"; };
		D0F974BC2418E4FB00CEFF2F /* CCZoomTransitionVCExtension.swift */ = {isa = PBXFileReference; fileEncoding = 4; lastKnownFileType = sourcecode.swift; path = CCZoomTransitionVCExtension.swift; sourceTree = "<group>"; };
		D0F974C12418F03D00CEFF2F /* CCDetailViewController.swift */ = {isa = PBXFileReference; fileEncoding = 4; lastKnownFileType = sourcecode.swift; path = CCDetailViewController.swift; sourceTree = "<group>"; };
		D0FF5661240EEAA200039DB5 /* TVCNearbyUsers.swift */ = {isa = PBXFileReference; lastKnownFileType = sourcecode.swift; path = TVCNearbyUsers.swift; sourceTree = "<group>"; };
		D0FF5662240EEAA200039DB5 /* TVCNearbyUsers.xib */ = {isa = PBXFileReference; lastKnownFileType = file.xib; path = TVCNearbyUsers.xib; sourceTree = "<group>"; };
		D0FF5665240F083200039DB5 /* NearbyUser.swift */ = {isa = PBXFileReference; lastKnownFileType = sourcecode.swift; path = NearbyUser.swift; sourceTree = "<group>"; };
/* End PBXFileReference section */

/* Begin PBXFrameworksBuildPhase section */
		D0029FC6240D332900D62A23 /* Frameworks */ = {
			isa = PBXFrameworksBuildPhase;
			buildActionMask = 2147483647;
			files = (
				2FE78E2EABF9D997FEBF2F00 /* Pods_2come1.framework in Frameworks */,
			);
			runOnlyForDeploymentPostprocessing = 0;
		};
/* End PBXFrameworksBuildPhase section */

/* Begin PBXGroup section */
		4E21CBEAFF0351282F6DA37B /* Frameworks */ = {
			isa = PBXGroup;
			children = (
				95F50F644004A66FEE2449D9 /* Pods_2come1.framework */,
			);
			name = Frameworks;
			sourceTree = "<group>";
		};
		D0029FC0240D332900D62A23 = {
			isa = PBXGroup;
			children = (
				D0029FCB240D332900D62A23 /* 2come1 */,
				D0029FCA240D332900D62A23 /* Products */,
				D9AF117201BD642F268F6ADB /* Pods */,
				4E21CBEAFF0351282F6DA37B /* Frameworks */,
			);
			sourceTree = "<group>";
		};
		D0029FCA240D332900D62A23 /* Products */ = {
			isa = PBXGroup;
			children = (
				D0029FC9240D332900D62A23 /* 2come1.app */,
			);
			name = Products;
			sourceTree = "<group>";
		};
		D0029FCB240D332900D62A23 /* 2come1 */ = {
			isa = PBXGroup;
			children = (
				D0029FCC240D332900D62A23 /* AppDelegate.swift */,
				D0029FCE240D332900D62A23 /* SceneDelegate.swift */,
				D0DCBFC3240E99CD00D6E201 /* Languages */,
				D0029FE0240D491800D62A23 /* CONSTANTS */,
				D0029FE2240D495C00D62A23 /* EXTENSION */,
				D0029FE1240D493200D62A23 /* CONTROLLER */,
				D0029FE3240D497800D62A23 /* VIEW */,
				D0029FE4240D497F00D62A23 /* SERVICES */,
				D0029FE5240D498800D62A23 /* MODEL */,
				D0029FE6240D49D400D62A23 /* STORYBOARD */,
				D0029FD5240D332B00D62A23 /* Assets.xcassets */,
				D0029FDA240D332B00D62A23 /* Info.plist */,
			);
			path = 2come1;
			sourceTree = "<group>";
		};
		D0029FE0240D491800D62A23 /* CONSTANTS */ = {
			isa = PBXGroup;
			children = (
				D0029FE7240D4A4F00D62A23 /* ConstantsForApp.swift */,
				D0029FE9240D4A6D00D62A23 /* ConstantsRestAPI.swift */,
			);
			path = CONSTANTS;
			sourceTree = "<group>";
		};
		D0029FE1240D493200D62A23 /* CONTROLLER */ = {
			isa = PBXGroup;
			children = (
				D0DCBFCE240EA1CC00D6E201 /* TestVC */,
				D073DD54240E8054005D85B8 /* TabmanBottomVC.swift */,
				D0DCBFCC240EA1AC00D6E201 /* NearbyVC.swift */,
				D0348CD524201509004CC9B3 /* InboxVC.swift */,
				D05AF64E2411B9B600F96D2E /* MatchVC.swift */,
				D0F974B624185BE800CEFF2F /* MatchUserVC.swift */,
				D0348CC9241EA7DC004CC9B3 /* UnmatchedUserVC.swift */,
				D0348CD0241ECC97004CC9B3 /* RequestedMatchUserVC.swift */,
				42470BB9240EFA090083840B /* LoginVC.swift */,
				42470BBB240EFA440083840B /* RegisterVC.swift */,
				D045A49D242159B200250B34 /* MessagesVC.swift */,
			);
			path = CONTROLLER;
			sourceTree = "<group>";
		};
		D0029FE2240D495C00D62A23 /* EXTENSION */ = {
			isa = PBXGroup;
			children = (
				D0F974B82418E4E400CEFF2F /* CCZoomTransition */,
				42470BBD240F29380083840B /* SwipeNavigationController.swift */,
				D073DD60240E80E5005D85B8 /* Helper+UIImage.swift */,
				D073DD52240E7CFF005D85B8 /* Helper+UIColor.swift */,
				D04838FB2411480400CA5ED9 /* Helper+UIViewController.swift */,
				D073DD56240E8078005D85B8 /* BaseVC.swift */,
				D0DCBFCF240EA2C200D6E201 /* NavigationVC.swift */,
				D045A4A42421778400250B34 /* Helper+UIView.swift */,
			);
			path = EXTENSION;
			sourceTree = "<group>";
		};
		D0029FE3240D497800D62A23 /* VIEW */ = {
			isa = PBXGroup;
			children = (
				D045A49F2421722100250B34 /* TVCMessage */,
				D0348CDB24201941004CC9B3 /* TVCInboxUser */,
				D05AF6502411C4AA00F96D2E /* TVCMatchUser */,
				D0FF5660240EEA2500039DB5 /* TVCNearbyUsers */,
				D0DCBFD2240EA78800D6E201 /* BaseHeader */,
			);
			path = VIEW;
			sourceTree = "<group>";
		};
		D0029FE4240D497F00D62A23 /* SERVICES */ = {
			isa = PBXGroup;
			children = (
			);
			path = SERVICES;
			sourceTree = "<group>";
		};
		D0029FE5240D498800D62A23 /* MODEL */ = {
			isa = PBXGroup;
			children = (
			);
			path = MODEL;
			sourceTree = "<group>";
		};
		D0029FE6240D49D400D62A23 /* STORYBOARD */ = {
			isa = PBXGroup;
			children = (
				D0029FD2240D332900D62A23 /* Main.storyboard */,
				D0029FD7240D332B00D62A23 /* LaunchScreen.storyboard */,
			);
			path = STORYBOARD;
			sourceTree = "<group>";
		};
		D0348CDB24201941004CC9B3 /* TVCInboxUser */ = {
			isa = PBXGroup;
			children = (
				D0348CD724201938004CC9B3 /* TVCInboxUser.swift */,
				D0348CD824201938004CC9B3 /* TVCInboxUser.xib */,
			);
			path = TVCInboxUser;
			sourceTree = "<group>";
		};
		D045A49F2421722100250B34 /* TVCMessage */ = {
			isa = PBXGroup;
			children = (
				D045A4A0242172C000250B34 /* TVCMessage.swift */,
				D045A4A1242172C000250B34 /* TVCMessage.xib */,
			);
			path = TVCMessage;
			sourceTree = "<group>";
		};
		D05AF6502411C4AA00F96D2E /* TVCMatchUser */ = {
			isa = PBXGroup;
			children = (
				D05AF6512411C4E700F96D2E /* TVCMatchUser.swift */,
				D05AF6522411C4E700F96D2E /* TVCMatchUser.xib */,
			);
			path = TVCMatchUser;
			sourceTree = "<group>";
		};
		D0DCBFC3240E99CD00D6E201 /* Languages */ = {
			isa = PBXGroup;
			children = (
				D0DCBFCA240E9A5100D6E201 /* Localizable.strings */,
			);
			path = Languages;
			sourceTree = "<group>";
		};
		D0DCBFCE240EA1CC00D6E201 /* TestVC */ = {
			isa = PBXGroup;
			children = (
				D073DD5B240E80A3005D85B8 /* VC2.swift */,
				D073DD5A240E80A3005D85B8 /* VC3.swift */,
				D073DD59240E80A2005D85B8 /* VC4.swift */,
			);
			path = TestVC;
			sourceTree = "<group>";
		};
		D0DCBFD2240EA78800D6E201 /* BaseHeader */ = {
			isa = PBXGroup;
			children = (
				D0DCBFD3240EA7AA00D6E201 /* BaseHeader.swift */,
			);
			path = BaseHeader;
			sourceTree = "<group>";
		};
		D0F974B82418E4E400CEFF2F /* CCZoomTransition */ = {
			isa = PBXGroup;
			children = (
				D0F974C12418F03D00CEFF2F /* CCDetailViewController.swift */,
				D0F974BB2418E4FB00CEFF2F /* CCSwipBackPresentationController.swift */,
				D0F974B92418E4FB00CEFF2F /* CCZoomAnimatedTransitioning.swift */,
				D0F974BA2418E4FB00CEFF2F /* CCZoomTransitioner.swift */,
				D0F974BC2418E4FB00CEFF2F /* CCZoomTransitionVCExtension.swift */,
			);
			path = CCZoomTransition;
			sourceTree = "<group>";
		};
		D0FF5660240EEA2500039DB5 /* TVCNearbyUsers */ = {
			isa = PBXGroup;
			children = (
				D0FF5661240EEAA200039DB5 /* TVCNearbyUsers.swift */,
				D0FF5662240EEAA200039DB5 /* TVCNearbyUsers.xib */,
				D0FF5665240F083200039DB5 /* NearbyUser.swift */,
			);
			path = TVCNearbyUsers;
			sourceTree = "<group>";
		};
		D9AF117201BD642F268F6ADB /* Pods */ = {
			isa = PBXGroup;
			children = (
				81B11AA5A08B637913E0ED1A /* Pods-2come1.debug.xcconfig */,
				5DE0FBCB99A68D3B30CB3012 /* Pods-2come1.release.xcconfig */,
			);
			path = Pods;
			sourceTree = "<group>";
		};
/* End PBXGroup section */

/* Begin PBXNativeTarget section */
		D0029FC8240D332900D62A23 /* 2come1 */ = {
			isa = PBXNativeTarget;
			buildConfigurationList = D0029FDD240D332B00D62A23 /* Build configuration list for PBXNativeTarget "2come1" */;
			buildPhases = (
				E8E0A5333884F6520E436D92 /* [CP] Check Pods Manifest.lock */,
				D0029FC5240D332900D62A23 /* Sources */,
				D0029FC6240D332900D62A23 /* Frameworks */,
				D0029FC7240D332900D62A23 /* Resources */,
				541204FD3A02E846477397D9 /* [CP] Embed Pods Frameworks */,
			);
			buildRules = (
			);
			dependencies = (
			);
			name = 2come1;
			productName = 2come1;
			productReference = D0029FC9240D332900D62A23 /* 2come1.app */;
			productType = "com.apple.product-type.application";
		};
/* End PBXNativeTarget section */

/* Begin PBXProject section */
		D0029FC1240D332900D62A23 /* Project object */ = {
			isa = PBXProject;
			attributes = {
				LastSwiftUpdateCheck = 1130;
				LastUpgradeCheck = 1130;
				TargetAttributes = {
					D0029FC8240D332900D62A23 = {
						CreatedOnToolsVersion = 11.3.1;
					};
				};
			};
			buildConfigurationList = D0029FC4240D332900D62A23 /* Build configuration list for PBXProject "2come1" */;
			compatibilityVersion = "Xcode 9.3";
			developmentRegion = en;
			hasScannedForEncodings = 0;
			knownRegions = (
				en,
				Base,
				de,
			);
			mainGroup = D0029FC0240D332900D62A23;
			productRefGroup = D0029FCA240D332900D62A23 /* Products */;
			projectDirPath = "";
			projectRoot = "";
			targets = (
				D0029FC8240D332900D62A23 /* 2come1 */,
			);
		};
/* End PBXProject section */

/* Begin PBXResourcesBuildPhase section */
		D0029FC7240D332900D62A23 /* Resources */ = {
			isa = PBXResourcesBuildPhase;
			buildActionMask = 2147483647;
			files = (
				D05AF6542411C4E700F96D2E /* TVCMatchUser.xib in Resources */,
				D045A4A3242172C000250B34 /* TVCMessage.xib in Resources */,
				D0029FD9240D332B00D62A23 /* LaunchScreen.storyboard in Resources */,
				D0348CDA24201938004CC9B3 /* TVCInboxUser.xib in Resources */,
				D0DCBFC8240E9A5100D6E201 /* Localizable.strings in Resources */,
				D0FF5664240EEAA200039DB5 /* TVCNearbyUsers.xib in Resources */,
				D0029FD6240D332B00D62A23 /* Assets.xcassets in Resources */,
				D0029FD4240D332900D62A23 /* Main.storyboard in Resources */,
			);
			runOnlyForDeploymentPostprocessing = 0;
		};
/* End PBXResourcesBuildPhase section */

/* Begin PBXShellScriptBuildPhase section */
		541204FD3A02E846477397D9 /* [CP] Embed Pods Frameworks */ = {
			isa = PBXShellScriptBuildPhase;
			buildActionMask = 2147483647;
			files = (
			);
			inputFileListPaths = (
				"${PODS_ROOT}/Target Support Files/Pods-2come1/Pods-2come1-frameworks-${CONFIGURATION}-input-files.xcfilelist",
			);
			name = "[CP] Embed Pods Frameworks";
			outputFileListPaths = (
				"${PODS_ROOT}/Target Support Files/Pods-2come1/Pods-2come1-frameworks-${CONFIGURATION}-output-files.xcfilelist",
			);
			runOnlyForDeploymentPostprocessing = 0;
			shellPath = /bin/sh;
			shellScript = "\"${PODS_ROOT}/Target Support Files/Pods-2come1/Pods-2come1-frameworks.sh\"\n";
			showEnvVarsInLog = 0;
		};
		E8E0A5333884F6520E436D92 /* [CP] Check Pods Manifest.lock */ = {
			isa = PBXShellScriptBuildPhase;
			buildActionMask = 2147483647;
			files = (
			);
			inputFileListPaths = (
			);
			inputPaths = (
				"${PODS_PODFILE_DIR_PATH}/Podfile.lock",
				"${PODS_ROOT}/Manifest.lock",
			);
			name = "[CP] Check Pods Manifest.lock";
			outputFileListPaths = (
			);
			outputPaths = (
				"$(DERIVED_FILE_DIR)/Pods-2come1-checkManifestLockResult.txt",
			);
			runOnlyForDeploymentPostprocessing = 0;
			shellPath = /bin/sh;
			shellScript = "diff \"${PODS_PODFILE_DIR_PATH}/Podfile.lock\" \"${PODS_ROOT}/Manifest.lock\" > /dev/null\nif [ $? != 0 ] ; then\n    # print error to STDERR\n    echo \"error: The sandbox is not in sync with the Podfile.lock. Run 'pod install' or update your CocoaPods installation.\" >&2\n    exit 1\nfi\n# This output is used by Xcode 'outputs' to avoid re-running this script phase.\necho \"SUCCESS\" > \"${SCRIPT_OUTPUT_FILE_0}\"\n";
			showEnvVarsInLog = 0;
		};
/* End PBXShellScriptBuildPhase section */

/* Begin PBXSourcesBuildPhase section */
		D0029FC5240D332900D62A23 /* Sources */ = {
			isa = PBXSourcesBuildPhase;
			buildActionMask = 2147483647;
			files = (
				D073DD5D240E80A3005D85B8 /* VC4.swift in Sources */,
				D073DD55240E8054005D85B8 /* TabmanBottomVC.swift in Sources */,
				D05AF64F2411B9B600F96D2E /* MatchVC.swift in Sources */,
				D0F974C02418E4FB00CEFF2F /* CCZoomTransitionVCExtension.swift in Sources */,
				D04838FC2411480400CA5ED9 /* Helper+UIViewController.swift in Sources */,
				D045A4A52421778400250B34 /* Helper+UIView.swift in Sources */,
				42470BBE240F29380083840B /* SwipeNavigationController.swift in Sources */,
				D0DCBFCD240EA1AC00D6E201 /* NearbyVC.swift in Sources */,
				D05AF6532411C4E700F96D2E /* TVCMatchUser.swift in Sources */,
				D0DCBFD0240EA2C200D6E201 /* NavigationVC.swift in Sources */,
				D073DD5E240E80A3005D85B8 /* VC3.swift in Sources */,
				D0F974BF2418E4FB00CEFF2F /* CCSwipBackPresentationController.swift in Sources */,
				D045A4A2242172C000250B34 /* TVCMessage.swift in Sources */,
				D0F974BD2418E4FB00CEFF2F /* CCZoomAnimatedTransitioning.swift in Sources */,
				D045A49E242159B200250B34 /* MessagesVC.swift in Sources */,
				D0F974B724185BE800CEFF2F /* MatchUserVC.swift in Sources */,
				D073DD53240E7CFF005D85B8 /* Helper+UIColor.swift in Sources */,
				D073DD5F240E80A3005D85B8 /* VC2.swift in Sources */,
				D0029FE8240D4A4F00D62A23 /* ConstantsForApp.swift in Sources */,
				D0029FCD240D332900D62A23 /* AppDelegate.swift in Sources */,
				42470BBC240EFA440083840B /* RegisterVC.swift in Sources */,
				D073DD61240E80E5005D85B8 /* Helper+UIImage.swift in Sources */,
				D0029FCF240D332900D62A23 /* SceneDelegate.swift in Sources */,
				D0FF5666240F083200039DB5 /* NearbyUser.swift in Sources */,
				D0F974BE2418E4FB00CEFF2F /* CCZoomTransitioner.swift in Sources */,
				D0FF5663240EEAA200039DB5 /* TVCNearbyUsers.swift in Sources */,
				D0348CCA241EA7DC004CC9B3 /* UnmatchedUserVC.swift in Sources */,
				D0348CD1241ECC97004CC9B3 /* RequestedMatchUserVC.swift in Sources */,
				D0348CD924201938004CC9B3 /* TVCInboxUser.swift in Sources */,
				D0348CD624201509004CC9B3 /* InboxVC.swift in Sources */,
				D0F974C22418F03D00CEFF2F /* CCDetailViewController.swift in Sources */,
				D0DCBFD4240EA7AA00D6E201 /* BaseHeader.swift in Sources */,
				D073DD57240E8078005D85B8 /* BaseVC.swift in Sources */,
				D0029FEA240D4A6D00D62A23 /* ConstantsRestAPI.swift in Sources */,
				42470BBA240EFA090083840B /* LoginVC.swift in Sources */,
			);
			runOnlyForDeploymentPostprocessing = 0;
		};
/* End PBXSourcesBuildPhase section */

/* Begin PBXVariantGroup section */
		D0029FD2240D332900D62A23 /* Main.storyboard */ = {
			isa = PBXVariantGroup;
			children = (
				D0029FD3240D332900D62A23 /* Base */,
				D0DCBFC6240E9A3500D6E201 /* de */,
			);
			name = Main.storyboard;
			sourceTree = "<group>";
		};
		D0029FD7240D332B00D62A23 /* LaunchScreen.storyboard */ = {
			isa = PBXVariantGroup;
			children = (
				D0029FD8240D332B00D62A23 /* Base */,
				D0DCBFC7240E9A3500D6E201 /* de */,
			);
			name = LaunchScreen.storyboard;
			sourceTree = "<group>";
		};
		D0DCBFCA240E9A5100D6E201 /* Localizable.strings */ = {
			isa = PBXVariantGroup;
			children = (
				D0DCBFC9240E9A5100D6E201 /* en */,
				D0DCBFCB240E9A5E00D6E201 /* de */,
			);
			name = Localizable.strings;
			sourceTree = "<group>";
		};
/* End PBXVariantGroup section */

/* Begin XCBuildConfiguration section */
		D0029FDB240D332B00D62A23 /* Debug */ = {
			isa = XCBuildConfiguration;
			buildSettings = {
				ALWAYS_SEARCH_USER_PATHS = NO;
				CLANG_ANALYZER_LOCALIZABILITY_NONLOCALIZED = YES;
				CLANG_ANALYZER_NONNULL = YES;
				CLANG_ANALYZER_NUMBER_OBJECT_CONVERSION = YES_AGGRESSIVE;
				CLANG_CXX_LANGUAGE_STANDARD = "gnu++14";
				CLANG_CXX_LIBRARY = "libc++";
				CLANG_ENABLE_MODULES = YES;
				CLANG_ENABLE_OBJC_ARC = YES;
				CLANG_ENABLE_OBJC_WEAK = YES;
				CLANG_WARN_BLOCK_CAPTURE_AUTORELEASING = YES;
				CLANG_WARN_BOOL_CONVERSION = YES;
				CLANG_WARN_COMMA = YES;
				CLANG_WARN_CONSTANT_CONVERSION = YES;
				CLANG_WARN_DEPRECATED_OBJC_IMPLEMENTATIONS = YES;
				CLANG_WARN_DIRECT_OBJC_ISA_USAGE = YES_ERROR;
				CLANG_WARN_DOCUMENTATION_COMMENTS = YES;
				CLANG_WARN_EMPTY_BODY = YES;
				CLANG_WARN_ENUM_CONVERSION = YES;
				CLANG_WARN_INFINITE_RECURSION = YES;
				CLANG_WARN_INT_CONVERSION = YES;
				CLANG_WARN_NON_LITERAL_NULL_CONVERSION = YES;
				CLANG_WARN_OBJC_IMPLICIT_RETAIN_SELF = YES;
				CLANG_WARN_OBJC_LITERAL_CONVERSION = YES;
				CLANG_WARN_OBJC_ROOT_CLASS = YES_ERROR;
				CLANG_WARN_RANGE_LOOP_ANALYSIS = YES;
				CLANG_WARN_STRICT_PROTOTYPES = YES;
				CLANG_WARN_SUSPICIOUS_MOVE = YES;
				CLANG_WARN_UNGUARDED_AVAILABILITY = YES_AGGRESSIVE;
				CLANG_WARN_UNREACHABLE_CODE = YES;
				CLANG_WARN__DUPLICATE_METHOD_MATCH = YES;
				COPY_PHASE_STRIP = NO;
				DEBUG_INFORMATION_FORMAT = dwarf;
				ENABLE_STRICT_OBJC_MSGSEND = YES;
				ENABLE_TESTABILITY = YES;
				GCC_C_LANGUAGE_STANDARD = gnu11;
				GCC_DYNAMIC_NO_PIC = NO;
				GCC_NO_COMMON_BLOCKS = YES;
				GCC_OPTIMIZATION_LEVEL = 0;
				GCC_PREPROCESSOR_DEFINITIONS = (
					"DEBUG=1",
					"$(inherited)",
				);
				GCC_WARN_64_TO_32_BIT_CONVERSION = YES;
				GCC_WARN_ABOUT_RETURN_TYPE = YES_ERROR;
				GCC_WARN_UNDECLARED_SELECTOR = YES;
				GCC_WARN_UNINITIALIZED_AUTOS = YES_AGGRESSIVE;
				GCC_WARN_UNUSED_FUNCTION = YES;
				GCC_WARN_UNUSED_VARIABLE = YES;
				IPHONEOS_DEPLOYMENT_TARGET = 12.0;
				MTL_ENABLE_DEBUG_INFO = INCLUDE_SOURCE;
				MTL_FAST_MATH = YES;
				ONLY_ACTIVE_ARCH = YES;
				SDKROOT = iphoneos;
				SWIFT_ACTIVE_COMPILATION_CONDITIONS = DEBUG;
				SWIFT_OPTIMIZATION_LEVEL = "-Onone";
			};
			name = Debug;
		};
		D0029FDC240D332B00D62A23 /* Release */ = {
			isa = XCBuildConfiguration;
			buildSettings = {
				ALWAYS_SEARCH_USER_PATHS = NO;
				CLANG_ANALYZER_LOCALIZABILITY_NONLOCALIZED = YES;
				CLANG_ANALYZER_NONNULL = YES;
				CLANG_ANALYZER_NUMBER_OBJECT_CONVERSION = YES_AGGRESSIVE;
				CLANG_CXX_LANGUAGE_STANDARD = "gnu++14";
				CLANG_CXX_LIBRARY = "libc++";
				CLANG_ENABLE_MODULES = YES;
				CLANG_ENABLE_OBJC_ARC = YES;
				CLANG_ENABLE_OBJC_WEAK = YES;
				CLANG_WARN_BLOCK_CAPTURE_AUTORELEASING = YES;
				CLANG_WARN_BOOL_CONVERSION = YES;
				CLANG_WARN_COMMA = YES;
				CLANG_WARN_CONSTANT_CONVERSION = YES;
				CLANG_WARN_DEPRECATED_OBJC_IMPLEMENTATIONS = YES;
				CLANG_WARN_DIRECT_OBJC_ISA_USAGE = YES_ERROR;
				CLANG_WARN_DOCUMENTATION_COMMENTS = YES;
				CLANG_WARN_EMPTY_BODY = YES;
				CLANG_WARN_ENUM_CONVERSION = YES;
				CLANG_WARN_INFINITE_RECURSION = YES;
				CLANG_WARN_INT_CONVERSION = YES;
				CLANG_WARN_NON_LITERAL_NULL_CONVERSION = YES;
				CLANG_WARN_OBJC_IMPLICIT_RETAIN_SELF = YES;
				CLANG_WARN_OBJC_LITERAL_CONVERSION = YES;
				CLANG_WARN_OBJC_ROOT_CLASS = YES_ERROR;
				CLANG_WARN_RANGE_LOOP_ANALYSIS = YES;
				CLANG_WARN_STRICT_PROTOTYPES = YES;
				CLANG_WARN_SUSPICIOUS_MOVE = YES;
				CLANG_WARN_UNGUARDED_AVAILABILITY = YES_AGGRESSIVE;
				CLANG_WARN_UNREACHABLE_CODE = YES;
				CLANG_WARN__DUPLICATE_METHOD_MATCH = YES;
				COPY_PHASE_STRIP = NO;
				DEBUG_INFORMATION_FORMAT = "dwarf-with-dsym";
				ENABLE_NS_ASSERTIONS = NO;
				ENABLE_STRICT_OBJC_MSGSEND = YES;
				GCC_C_LANGUAGE_STANDARD = gnu11;
				GCC_NO_COMMON_BLOCKS = YES;
				GCC_WARN_64_TO_32_BIT_CONVERSION = YES;
				GCC_WARN_ABOUT_RETURN_TYPE = YES_ERROR;
				GCC_WARN_UNDECLARED_SELECTOR = YES;
				GCC_WARN_UNINITIALIZED_AUTOS = YES_AGGRESSIVE;
				GCC_WARN_UNUSED_FUNCTION = YES;
				GCC_WARN_UNUSED_VARIABLE = YES;
				IPHONEOS_DEPLOYMENT_TARGET = 12.0;
				MTL_ENABLE_DEBUG_INFO = NO;
				MTL_FAST_MATH = YES;
				SDKROOT = iphoneos;
				SWIFT_COMPILATION_MODE = wholemodule;
				SWIFT_OPTIMIZATION_LEVEL = "-O";
				VALIDATE_PRODUCT = YES;
			};
			name = Release;
		};
		D0029FDE240D332B00D62A23 /* Debug */ = {
			isa = XCBuildConfiguration;
			baseConfigurationReference = 81B11AA5A08B637913E0ED1A /* Pods-2come1.debug.xcconfig */;
			buildSettings = {
				ASSETCATALOG_COMPILER_APPICON_NAME = AppIcon;
				CODE_SIGN_STYLE = Automatic;
				DEVELOPMENT_TEAM = 6D96X62LV8;
				INFOPLIST_FILE = 2come1/Info.plist;
				IPHONEOS_DEPLOYMENT_TARGET = 12.0;
				LD_RUNPATH_SEARCH_PATHS = (
					"$(inherited)",
					"@executable_path/Frameworks",
				);
				PRODUCT_BUNDLE_IDENTIFIER = "com.test-company.app";
				PRODUCT_NAME = "$(TARGET_NAME)";
				SWIFT_VERSION = 5.0;
				TARGETED_DEVICE_FAMILY = 1;
			};
			name = Debug;
		};
		D0029FDF240D332B00D62A23 /* Release */ = {
			isa = XCBuildConfiguration;
			baseConfigurationReference = 5DE0FBCB99A68D3B30CB3012 /* Pods-2come1.release.xcconfig */;
			buildSettings = {
				ASSETCATALOG_COMPILER_APPICON_NAME = AppIcon;
				CODE_SIGN_STYLE = Automatic;
				DEVELOPMENT_TEAM = 6D96X62LV8;
				INFOPLIST_FILE = 2come1/Info.plist;
				IPHONEOS_DEPLOYMENT_TARGET = 12.0;
				LD_RUNPATH_SEARCH_PATHS = (
					"$(inherited)",
					"@executable_path/Frameworks",
				);
				PRODUCT_BUNDLE_IDENTIFIER = "com.test-company.app";
				PRODUCT_NAME = "$(TARGET_NAME)";
				SWIFT_VERSION = 5.0;
				TARGETED_DEVICE_FAMILY = 1;
			};
			name = Release;
		};
/* End XCBuildConfiguration section */

/* Begin XCConfigurationList section */
		D0029FC4240D332900D62A23 /* Build configuration list for PBXProject "2come1" */ = {
			isa = XCConfigurationList;
			buildConfigurations = (
				D0029FDB240D332B00D62A23 /* Debug */,
				D0029FDC240D332B00D62A23 /* Release */,
			);
			defaultConfigurationIsVisible = 0;
			defaultConfigurationName = Release;
		};
		D0029FDD240D332B00D62A23 /* Build configuration list for PBXNativeTarget "2come1" */ = {
			isa = XCConfigurationList;
			buildConfigurations = (
				D0029FDE240D332B00D62A23 /* Debug */,
				D0029FDF240D332B00D62A23 /* Release */,
			);
			defaultConfigurationIsVisible = 0;
			defaultConfigurationName = Release;
		};
/* End XCConfigurationList section */
	};
	rootObject = D0029FC1240D332900D62A23 /* Project object */;
}
